// !$*UTF8*$!
{
	archiveVersion = 1;
	classes = {
	};
	objectVersion = 51;
	objects = {

/* Begin PBXBuildFile section */
		379295AF67DCA5A7A2CD3C55 /* Pods_QiChangStaff.framework in Frameworks */ = {isa = PBXBuildFile; fileRef = 26664FAB71F300662E62E23F /* Pods_QiChangStaff.framework */; };
		3C5CAB7B243583AE00C68CFB /* Main.storyboard in Resources */ = {isa = PBXBuildFile; fileRef = 3C5CAB7A243583AE00C68CFB /* Main.storyboard */; };
		3C5CAB7D2435948500C68CFB /* Assets.xcassets in Resources */ = {isa = PBXBuildFile; fileRef = 3C5CAB7C2435948500C68CFB /* Assets.xcassets */; };
		3C5CAB8524370D8D00C68CFB /* WarehouseCell.m in Sources */ = {isa = PBXBuildFile; fileRef = 3C5CAB8324370D8C00C68CFB /* WarehouseCell.m */; };
		3C5CAB8624370D8D00C68CFB /* WarehouseCell.xib in Resources */ = {isa = PBXBuildFile; fileRef = 3C5CAB8424370D8D00C68CFB /* WarehouseCell.xib */; };
		3C5CAB8A2437345400C68CFB /* AreaCell.m in Sources */ = {isa = PBXBuildFile; fileRef = 3C5CAB882437345400C68CFB /* AreaCell.m */; };
		3C5CAB8B2437345400C68CFB /* AreaCell.xib in Resources */ = {isa = PBXBuildFile; fileRef = 3C5CAB892437345400C68CFB /* AreaCell.xib */; };
		3C5CAB912437349900C68CFB /* QCSWarehouseVC.m in Sources */ = {isa = PBXBuildFile; fileRef = 3C5CAB902437349900C68CFB /* QCSWarehouseVC.m */; };
		3C5CAB942437363A00C68CFB /* QCSAreaVC.m in Sources */ = {isa = PBXBuildFile; fileRef = 3C5CAB932437363A00C68CFB /* QCSAreaVC.m */; };
		3C8A912B243C7A0D00D99D4B /* QCSAreaDetailsVC.m in Sources */ = {isa = PBXBuildFile; fileRef = 3C8A912A243C7A0D00D99D4B /* QCSAreaDetailsVC.m */; };
		3C8A912F243C7ADA00D99D4B /* AreaDetailsCell.m in Sources */ = {isa = PBXBuildFile; fileRef = 3C8A912D243C7ADA00D99D4B /* AreaDetailsCell.m */; };
		3C8A9130243C7ADA00D99D4B /* AreaDetailsCell.xib in Resources */ = {isa = PBXBuildFile; fileRef = 3C8A912E243C7ADA00D99D4B /* AreaDetailsCell.xib */; };
		3C8A9134243C7FE700D99D4B /* AreaHeadView.m in Sources */ = {isa = PBXBuildFile; fileRef = 3C8A9133243C7FE700D99D4B /* AreaHeadView.m */; };
		3C8A9137243D610800D99D4B /* YTYLabel.m in Sources */ = {isa = PBXBuildFile; fileRef = 3C8A9136243D610800D99D4B /* YTYLabel.m */; };
		3C8A913A243DCED200D99D4B /* YTYSearchView.m in Sources */ = {isa = PBXBuildFile; fileRef = 3C8A9139243DCED200D99D4B /* YTYSearchView.m */; };
		3C8A913D243DD5F000D99D4B /* QCSWarehouseRecordVC.m in Sources */ = {isa = PBXBuildFile; fileRef = 3C8A913C243DD5F000D99D4B /* QCSWarehouseRecordVC.m */; };
		3C8A914324401A2D00D99D4B /* QCSWarehuseRecordDetailsVC.m in Sources */ = {isa = PBXBuildFile; fileRef = 3C8A914224401A2C00D99D4B /* QCSWarehuseRecordDetailsVC.m */; };
		3C8A914C2444003800D99D4B /* RecordReceivingCell.m in Sources */ = {isa = PBXBuildFile; fileRef = 3C8A914A2444003800D99D4B /* RecordReceivingCell.m */; };
		3C8A914D2444003800D99D4B /* RecordReceivingCell.xib in Resources */ = {isa = PBXBuildFile; fileRef = 3C8A914B2444003800D99D4B /* RecordReceivingCell.xib */; };
		3C8A91512445A27D00D99D4B /* DeliveryReportCell.m in Sources */ = {isa = PBXBuildFile; fileRef = 3C8A914F2445A27D00D99D4B /* DeliveryReportCell.m */; };
		3C8A91522445A27D00D99D4B /* DeliveryReportCell.xib in Resources */ = {isa = PBXBuildFile; fileRef = 3C8A91502445A27D00D99D4B /* DeliveryReportCell.xib */; };
		3C8A91552445A29900D99D4B /* QCSDeliveryReportVC.m in Sources */ = {isa = PBXBuildFile; fileRef = 3C8A91542445A29900D99D4B /* QCSDeliveryReportVC.m */; };
		3C8A91582445ADE300D99D4B /* QCSCardView.m in Sources */ = {isa = PBXBuildFile; fileRef = 3C8A91572445ADE300D99D4B /* QCSCardView.m */; };
		3C8A915B2445B8B500D99D4B /* QCSDeliveryDetailsVC.m in Sources */ = {isa = PBXBuildFile; fileRef = 3C8A915A2445B8B500D99D4B /* QCSDeliveryDetailsVC.m */; };
		3C8A915E2446FFF700D99D4B /* CKSlideMenu.m in Sources */ = {isa = PBXBuildFile; fileRef = 3C8A915D2446FFF700D99D4B /* CKSlideMenu.m */; };
		3C8A9162244700ED00D99D4B /* QCSOrderListVC.m in Sources */ = {isa = PBXBuildFile; fileRef = 3C8A9161244700ED00D99D4B /* QCSOrderListVC.m */; };
		3C8A916524470A5D00D99D4B /* QCSOrderMainVC.m in Sources */ = {isa = PBXBuildFile; fileRef = 3C8A916424470A5D00D99D4B /* QCSOrderMainVC.m */; };
		3C8A91692448007F00D99D4B /* OrderListCell.m in Sources */ = {isa = PBXBuildFile; fileRef = 3C8A91672448007F00D99D4B /* OrderListCell.m */; };
		3C8A916A2448007F00D99D4B /* OrderListCell.xib in Resources */ = {isa = PBXBuildFile; fileRef = 3C8A91682448007F00D99D4B /* OrderListCell.xib */; };
		3C8A916D24485BBC00D99D4B /* QCSOrderDetailsVC.m in Sources */ = {isa = PBXBuildFile; fileRef = 3C8A916C24485BBB00D99D4B /* QCSOrderDetailsVC.m */; };
		3C8A9173244D737F00D99D4B /* OrderCheckView.m in Sources */ = {isa = PBXBuildFile; fileRef = 3C8A9172244D737F00D99D4B /* OrderCheckView.m */; };
		3C8A91CD245296C700D99D4B /* QCSNewBillVC.m in Sources */ = {isa = PBXBuildFile; fileRef = 3C8A91CC245296C700D99D4B /* QCSNewBillVC.m */; };
		3C8A91D1245523AF00D99D4B /* NewBillCell.m in Sources */ = {isa = PBXBuildFile; fileRef = 3C8A91CF245523AF00D99D4B /* NewBillCell.m */; };
		3C8A91D2245523AF00D99D4B /* NewBillCell.xib in Resources */ = {isa = PBXBuildFile; fileRef = 3C8A91D0245523AF00D99D4B /* NewBillCell.xib */; };
		3C8A91D524553A5D00D99D4B /* QCSWarehousingVC.m in Sources */ = {isa = PBXBuildFile; fileRef = 3C8A91D424553A5D00D99D4B /* QCSWarehousingVC.m */; };
		3CB90FBB242CA29800819C3B /* AppDelegate.m in Sources */ = {isa = PBXBuildFile; fileRef = 3CB90FBA242CA29800819C3B /* AppDelegate.m */; };
		3CB90FBE242CA29800819C3B /* SceneDelegate.m in Sources */ = {isa = PBXBuildFile; fileRef = 3CB90FBD242CA29800819C3B /* SceneDelegate.m */; };
		3CB90FC9242CA29900819C3B /* LaunchScreen.storyboard in Resources */ = {isa = PBXBuildFile; fileRef = 3CB90FC7242CA29900819C3B /* LaunchScreen.storyboard */; };
		3CB90FCC242CA29900819C3B /* main.m in Sources */ = {isa = PBXBuildFile; fileRef = 3CB90FCB242CA29900819C3B /* main.m */; };
		3CB90FD9242D8C5000819C3B /* Login.storyboard in Resources */ = {isa = PBXBuildFile; fileRef = 3CB90FD8242D8C5000819C3B /* Login.storyboard */; };
		3CB90FFD242DE1BE00819C3B /* LoginVC.m in Sources */ = {isa = PBXBuildFile; fileRef = 3CB90FFC242DE1BE00819C3B /* LoginVC.m */; };
		3CB91000242DEE1F00819C3B /* YTYView.m in Sources */ = {isa = PBXBuildFile; fileRef = 3CB90FFE242DEE1F00819C3B /* YTYView.m */; };
		3CB91009242DFAC200819C3B /* MainVC.m in Sources */ = {isa = PBXBuildFile; fileRef = 3CB91007242DFAC200819C3B /* MainVC.m */; };
/* End PBXBuildFile section */

/* Begin PBXFileReference section */
		26664FAB71F300662E62E23F /* Pods_QiChangStaff.framework */ = {isa = PBXFileReference; explicitFileType = wrapper.framework; includeInIndex = 0; path = Pods_QiChangStaff.framework; sourceTree = BUILT_PRODUCTS_DIR; };
		3C5CAB7A243583AE00C68CFB /* Main.storyboard */ = {isa = PBXFileReference; lastKnownFileType = file.storyboard; path = Main.storyboard; sourceTree = "<group>"; };
		3C5CAB7C2435948500C68CFB /* Assets.xcassets */ = {isa = PBXFileReference; lastKnownFileType = folder.assetcatalog; path = Assets.xcassets; sourceTree = "<group>"; };
		3C5CAB8224370D8C00C68CFB /* WarehouseCell.h */ = {isa = PBXFileReference; lastKnownFileType = sourcecode.c.h; path = WarehouseCell.h; sourceTree = "<group>"; };
		3C5CAB8324370D8C00C68CFB /* WarehouseCell.m */ = {isa = PBXFileReference; lastKnownFileType = sourcecode.c.objc; path = WarehouseCell.m; sourceTree = "<group>"; };
		3C5CAB8424370D8D00C68CFB /* WarehouseCell.xib */ = {isa = PBXFileReference; lastKnownFileType = file.xib; path = WarehouseCell.xib; sourceTree = "<group>"; };
		3C5CAB872437345400C68CFB /* AreaCell.h */ = {isa = PBXFileReference; lastKnownFileType = sourcecode.c.h; path = AreaCell.h; sourceTree = "<group>"; };
		3C5CAB882437345400C68CFB /* AreaCell.m */ = {isa = PBXFileReference; lastKnownFileType = sourcecode.c.objc; path = AreaCell.m; sourceTree = "<group>"; };
		3C5CAB892437345400C68CFB /* AreaCell.xib */ = {isa = PBXFileReference; lastKnownFileType = file.xib; path = AreaCell.xib; sourceTree = "<group>"; };
		3C5CAB8F2437349900C68CFB /* QCSWarehouseVC.h */ = {isa = PBXFileReference; lastKnownFileType = sourcecode.c.h; path = QCSWarehouseVC.h; sourceTree = "<group>"; };
		3C5CAB902437349900C68CFB /* QCSWarehouseVC.m */ = {isa = PBXFileReference; lastKnownFileType = sourcecode.c.objc; path = QCSWarehouseVC.m; sourceTree = "<group>"; };
		3C5CAB922437363A00C68CFB /* QCSAreaVC.h */ = {isa = PBXFileReference; lastKnownFileType = sourcecode.c.h; path = QCSAreaVC.h; sourceTree = "<group>"; };
		3C5CAB932437363A00C68CFB /* QCSAreaVC.m */ = {isa = PBXFileReference; lastKnownFileType = sourcecode.c.objc; path = QCSAreaVC.m; sourceTree = "<group>"; };
		3C8A9129243C7A0D00D99D4B /* QCSAreaDetailsVC.h */ = {isa = PBXFileReference; lastKnownFileType = sourcecode.c.h; path = QCSAreaDetailsVC.h; sourceTree = "<group>"; };
		3C8A912A243C7A0D00D99D4B /* QCSAreaDetailsVC.m */ = {isa = PBXFileReference; lastKnownFileType = sourcecode.c.objc; path = QCSAreaDetailsVC.m; sourceTree = "<group>"; };
		3C8A912C243C7ADA00D99D4B /* AreaDetailsCell.h */ = {isa = PBXFileReference; lastKnownFileType = sourcecode.c.h; path = AreaDetailsCell.h; sourceTree = "<group>"; };
		3C8A912D243C7ADA00D99D4B /* AreaDetailsCell.m */ = {isa = PBXFileReference; lastKnownFileType = sourcecode.c.objc; path = AreaDetailsCell.m; sourceTree = "<group>"; };
		3C8A912E243C7ADA00D99D4B /* AreaDetailsCell.xib */ = {isa = PBXFileReference; lastKnownFileType = file.xib; path = AreaDetailsCell.xib; sourceTree = "<group>"; };
		3C8A9132243C7FE700D99D4B /* AreaHeadView.h */ = {isa = PBXFileReference; lastKnownFileType = sourcecode.c.h; path = AreaHeadView.h; sourceTree = "<group>"; };
		3C8A9133243C7FE700D99D4B /* AreaHeadView.m */ = {isa = PBXFileReference; lastKnownFileType = sourcecode.c.objc; path = AreaHeadView.m; sourceTree = "<group>"; };
		3C8A9135243D610800D99D4B /* YTYLabel.h */ = {isa = PBXFileReference; lastKnownFileType = sourcecode.c.h; path = YTYLabel.h; sourceTree = "<group>"; };
		3C8A9136243D610800D99D4B /* YTYLabel.m */ = {isa = PBXFileReference; lastKnownFileType = sourcecode.c.objc; path = YTYLabel.m; sourceTree = "<group>"; };
		3C8A9138243DCED200D99D4B /* YTYSearchView.h */ = {isa = PBXFileReference; lastKnownFileType = sourcecode.c.h; path = YTYSearchView.h; sourceTree = "<group>"; };
		3C8A9139243DCED200D99D4B /* YTYSearchView.m */ = {isa = PBXFileReference; lastKnownFileType = sourcecode.c.objc; path = YTYSearchView.m; sourceTree = "<group>"; };
		3C8A913B243DD5F000D99D4B /* QCSWarehouseRecordVC.h */ = {isa = PBXFileReference; lastKnownFileType = sourcecode.c.h; path = QCSWarehouseRecordVC.h; sourceTree = "<group>"; };
		3C8A913C243DD5F000D99D4B /* QCSWarehouseRecordVC.m */ = {isa = PBXFileReference; lastKnownFileType = sourcecode.c.objc; path = QCSWarehouseRecordVC.m; sourceTree = "<group>"; };
		3C8A914124401A2C00D99D4B /* QCSWarehuseRecordDetailsVC.h */ = {isa = PBXFileReference; lastKnownFileType = sourcecode.c.h; path = QCSWarehuseRecordDetailsVC.h; sourceTree = "<group>"; };
		3C8A914224401A2C00D99D4B /* QCSWarehuseRecordDetailsVC.m */ = {isa = PBXFileReference; lastKnownFileType = sourcecode.c.objc; path = QCSWarehuseRecordDetailsVC.m; sourceTree = "<group>"; };
		3C8A91492444003800D99D4B /* RecordReceivingCell.h */ = {isa = PBXFileReference; lastKnownFileType = sourcecode.c.h; path = RecordReceivingCell.h; sourceTree = "<group>"; };
		3C8A914A2444003800D99D4B /* RecordReceivingCell.m */ = {isa = PBXFileReference; lastKnownFileType = sourcecode.c.objc; path = RecordReceivingCell.m; sourceTree = "<group>"; };
		3C8A914B2444003800D99D4B /* RecordReceivingCell.xib */ = {isa = PBXFileReference; lastKnownFileType = file.xib; path = RecordReceivingCell.xib; sourceTree = "<group>"; };
		3C8A914E2445A27D00D99D4B /* DeliveryReportCell.h */ = {isa = PBXFileReference; lastKnownFileType = sourcecode.c.h; path = DeliveryReportCell.h; sourceTree = "<group>"; };
		3C8A914F2445A27D00D99D4B /* DeliveryReportCell.m */ = {isa = PBXFileReference; lastKnownFileType = sourcecode.c.objc; path = DeliveryReportCell.m; sourceTree = "<group>"; };
		3C8A91502445A27D00D99D4B /* DeliveryReportCell.xib */ = {isa = PBXFileReference; lastKnownFileType = file.xib; path = DeliveryReportCell.xib; sourceTree = "<group>"; };
		3C8A91532445A29900D99D4B /* QCSDeliveryReportVC.h */ = {isa = PBXFileReference; lastKnownFileType = sourcecode.c.h; path = QCSDeliveryReportVC.h; sourceTree = "<group>"; };
		3C8A91542445A29900D99D4B /* QCSDeliveryReportVC.m */ = {isa = PBXFileReference; lastKnownFileType = sourcecode.c.objc; path = QCSDeliveryReportVC.m; sourceTree = "<group>"; };
		3C8A91562445ADE300D99D4B /* QCSCardView.h */ = {isa = PBXFileReference; lastKnownFileType = sourcecode.c.h; path = QCSCardView.h; sourceTree = "<group>"; };
		3C8A91572445ADE300D99D4B /* QCSCardView.m */ = {isa = PBXFileReference; lastKnownFileType = sourcecode.c.objc; path = QCSCardView.m; sourceTree = "<group>"; };
		3C8A91592445B8B500D99D4B /* QCSDeliveryDetailsVC.h */ = {isa = PBXFileReference; lastKnownFileType = sourcecode.c.h; path = QCSDeliveryDetailsVC.h; sourceTree = "<group>"; };
		3C8A915A2445B8B500D99D4B /* QCSDeliveryDetailsVC.m */ = {isa = PBXFileReference; lastKnownFileType = sourcecode.c.objc; path = QCSDeliveryDetailsVC.m; sourceTree = "<group>"; };
		3C8A915C2446FFF600D99D4B /* CKSlideMenu.h */ = {isa = PBXFileReference; fileEncoding = 4; lastKnownFileType = sourcecode.c.h; path = CKSlideMenu.h; sourceTree = "<group>"; };
		3C8A915D2446FFF700D99D4B /* CKSlideMenu.m */ = {isa = PBXFileReference; fileEncoding = 4; lastKnownFileType = sourcecode.c.objc; path = CKSlideMenu.m; sourceTree = "<group>"; };
		3C8A9160244700ED00D99D4B /* QCSOrderListVC.h */ = {isa = PBXFileReference; lastKnownFileType = sourcecode.c.h; path = QCSOrderListVC.h; sourceTree = "<group>"; };
		3C8A9161244700ED00D99D4B /* QCSOrderListVC.m */ = {isa = PBXFileReference; lastKnownFileType = sourcecode.c.objc; path = QCSOrderListVC.m; sourceTree = "<group>"; };
		3C8A916324470A5D00D99D4B /* QCSOrderMainVC.h */ = {isa = PBXFileReference; lastKnownFileType = sourcecode.c.h; path = QCSOrderMainVC.h; sourceTree = "<group>"; };
		3C8A916424470A5D00D99D4B /* QCSOrderMainVC.m */ = {isa = PBXFileReference; lastKnownFileType = sourcecode.c.objc; path = QCSOrderMainVC.m; sourceTree = "<group>"; };
		3C8A91662448007F00D99D4B /* OrderListCell.h */ = {isa = PBXFileReference; lastKnownFileType = sourcecode.c.h; path = OrderListCell.h; sourceTree = "<group>"; };
		3C8A91672448007F00D99D4B /* OrderListCell.m */ = {isa = PBXFileReference; lastKnownFileType = sourcecode.c.objc; path = OrderListCell.m; sourceTree = "<group>"; };
		3C8A91682448007F00D99D4B /* OrderListCell.xib */ = {isa = PBXFileReference; lastKnownFileType = file.xib; path = OrderListCell.xib; sourceTree = "<group>"; };
		3C8A916B24485BBB00D99D4B /* QCSOrderDetailsVC.h */ = {isa = PBXFileReference; lastKnownFileType = sourcecode.c.h; path = QCSOrderDetailsVC.h; sourceTree = "<group>"; };
		3C8A916C24485BBB00D99D4B /* QCSOrderDetailsVC.m */ = {isa = PBXFileReference; lastKnownFileType = sourcecode.c.objc; path = QCSOrderDetailsVC.m; sourceTree = "<group>"; };
		3C8A9171244D737F00D99D4B /* OrderCheckView.h */ = {isa = PBXFileReference; lastKnownFileType = sourcecode.c.h; path = OrderCheckView.h; sourceTree = "<group>"; };
		3C8A9172244D737F00D99D4B /* OrderCheckView.m */ = {isa = PBXFileReference; lastKnownFileType = sourcecode.c.objc; path = OrderCheckView.m; sourceTree = "<group>"; };
		3C8A91CB245296C700D99D4B /* QCSNewBillVC.h */ = {isa = PBXFileReference; lastKnownFileType = sourcecode.c.h; path = QCSNewBillVC.h; sourceTree = "<group>"; };
		3C8A91CC245296C700D99D4B /* QCSNewBillVC.m */ = {isa = PBXFileReference; lastKnownFileType = sourcecode.c.objc; path = QCSNewBillVC.m; sourceTree = "<group>"; };
		3C8A91CE245523AF00D99D4B /* NewBillCell.h */ = {isa = PBXFileReference; lastKnownFileType = sourcecode.c.h; path = NewBillCell.h; sourceTree = "<group>"; };
		3C8A91CF245523AF00D99D4B /* NewBillCell.m */ = {isa = PBXFileReference; lastKnownFileType = sourcecode.c.objc; path = NewBillCell.m; sourceTree = "<group>"; };
		3C8A91D0245523AF00D99D4B /* NewBillCell.xib */ = {isa = PBXFileReference; lastKnownFileType = file.xib; path = NewBillCell.xib; sourceTree = "<group>"; };
		3C8A91D324553A5D00D99D4B /* QCSWarehousingVC.h */ = {isa = PBXFileReference; lastKnownFileType = sourcecode.c.h; path = QCSWarehousingVC.h; sourceTree = "<group>"; };
		3C8A91D424553A5D00D99D4B /* QCSWarehousingVC.m */ = {isa = PBXFileReference; lastKnownFileType = sourcecode.c.objc; path = QCSWarehousingVC.m; sourceTree = "<group>"; };
		3CB90FB6242CA29800819C3B /* QiChangStaff.app */ = {isa = PBXFileReference; explicitFileType = wrapper.application; includeInIndex = 0; path = QiChangStaff.app; sourceTree = BUILT_PRODUCTS_DIR; };
		3CB90FB9242CA29800819C3B /* AppDelegate.h */ = {isa = PBXFileReference; lastKnownFileType = sourcecode.c.h; path = AppDelegate.h; sourceTree = "<group>"; };
		3CB90FBA242CA29800819C3B /* AppDelegate.m */ = {isa = PBXFileReference; lastKnownFileType = sourcecode.c.objc; path = AppDelegate.m; sourceTree = "<group>"; };
		3CB90FBC242CA29800819C3B /* SceneDelegate.h */ = {isa = PBXFileReference; lastKnownFileType = sourcecode.c.h; path = SceneDelegate.h; sourceTree = "<group>"; };
		3CB90FBD242CA29800819C3B /* SceneDelegate.m */ = {isa = PBXFileReference; lastKnownFileType = sourcecode.c.objc; path = SceneDelegate.m; sourceTree = "<group>"; };
		3CB90FC8242CA29900819C3B /* Base */ = {isa = PBXFileReference; lastKnownFileType = file.storyboard; name = Base; path = Base.lproj/LaunchScreen.storyboard; sourceTree = "<group>"; };
		3CB90FCA242CA29900819C3B /* Info.plist */ = {isa = PBXFileReference; lastKnownFileType = text.plist.xml; path = Info.plist; sourceTree = "<group>"; };
		3CB90FCB242CA29900819C3B /* main.m */ = {isa = PBXFileReference; lastKnownFileType = sourcecode.c.objc; path = main.m; sourceTree = "<group>"; };
		3CB90FD8242D8C5000819C3B /* Login.storyboard */ = {isa = PBXFileReference; lastKnownFileType = file.storyboard; path = Login.storyboard; sourceTree = "<group>"; };
		3CB90FDA242D8DDB00819C3B /* QiChangStaff-Prefix.pch */ = {isa = PBXFileReference; lastKnownFileType = sourcecode.c.h; path = "QiChangStaff-Prefix.pch"; sourceTree = "<group>"; };
		3CB90FFB242DE1BE00819C3B /* LoginVC.h */ = {isa = PBXFileReference; lastKnownFileType = sourcecode.c.h; path = LoginVC.h; sourceTree = "<group>"; };
		3CB90FFC242DE1BE00819C3B /* LoginVC.m */ = {isa = PBXFileReference; lastKnownFileType = sourcecode.c.objc; path = LoginVC.m; sourceTree = "<group>"; };
		3CB90FFE242DEE1F00819C3B /* YTYView.m */ = {isa = PBXFileReference; fileEncoding = 4; lastKnownFileType = sourcecode.c.objc; path = YTYView.m; sourceTree = "<group>"; };
		3CB90FFF242DEE1F00819C3B /* YTYView.h */ = {isa = PBXFileReference; fileEncoding = 4; lastKnownFileType = sourcecode.c.h; path = YTYView.h; sourceTree = "<group>"; };
		3CB91006242DFAC200819C3B /* MainVC.h */ = {isa = PBXFileReference; lastKnownFileType = sourcecode.c.h; path = MainVC.h; sourceTree = "<group>"; };
		3CB91007242DFAC200819C3B /* MainVC.m */ = {isa = PBXFileReference; lastKnownFileType = sourcecode.c.objc; path = MainVC.m; sourceTree = "<group>"; };
		4B751A4EF1087D4D2A8AE7D1 /* Pods-QiChangStaff.debug.xcconfig */ = {isa = PBXFileReference; includeInIndex = 1; lastKnownFileType = text.xcconfig; name = "Pods-QiChangStaff.debug.xcconfig"; path = "Target Support Files/Pods-QiChangStaff/Pods-QiChangStaff.debug.xcconfig"; sourceTree = "<group>"; };
		9E49F444FF71F8FC420EF06D /* Pods-QiChangStaff.release.xcconfig */ = {isa = PBXFileReference; includeInIndex = 1; lastKnownFileType = text.xcconfig; name = "Pods-QiChangStaff.release.xcconfig"; path = "Target Support Files/Pods-QiChangStaff/Pods-QiChangStaff.release.xcconfig"; sourceTree = "<group>"; };
/* End PBXFileReference section */

/* Begin PBXFrameworksBuildPhase section */
		3CB90FB3242CA29800819C3B /* Frameworks */ = {
			isa = PBXFrameworksBuildPhase;
			buildActionMask = 2147483647;
			files = (
				379295AF67DCA5A7A2CD3C55 /* Pods_QiChangStaff.framework in Frameworks */,
			);
			runOnlyForDeploymentPostprocessing = 0;
		};
/* End PBXFrameworksBuildPhase section */

/* Begin PBXGroup section */
		0A5CE8349DE97E04D422AECE /* Frameworks */ = {
			isa = PBXGroup;
			children = (
				26664FAB71F300662E62E23F /* Pods_QiChangStaff.framework */,
			);
			name = Frameworks;
			sourceTree = "<group>";
		};
		3C5CAB7E24370C8200C68CFB /* 管理员 */ = {
			isa = PBXGroup;
			children = (
				3C8A9131243C7F6A00D99D4B /* SubgroupViews */,
				3C5CAB8F2437349900C68CFB /* QCSWarehouseVC.h */,
				3C5CAB902437349900C68CFB /* QCSWarehouseVC.m */,
				3C5CAB8224370D8C00C68CFB /* WarehouseCell.h */,
				3C5CAB8324370D8C00C68CFB /* WarehouseCell.m */,
				3C5CAB8424370D8D00C68CFB /* WarehouseCell.xib */,
				3C5CAB922437363A00C68CFB /* QCSAreaVC.h */,
				3C5CAB932437363A00C68CFB /* QCSAreaVC.m */,
				3C5CAB872437345400C68CFB /* AreaCell.h */,
				3C5CAB882437345400C68CFB /* AreaCell.m */,
				3C5CAB892437345400C68CFB /* AreaCell.xib */,
				3C8A9129243C7A0D00D99D4B /* QCSAreaDetailsVC.h */,
				3C8A912A243C7A0D00D99D4B /* QCSAreaDetailsVC.m */,
				3C8A912C243C7ADA00D99D4B /* AreaDetailsCell.h */,
				3C8A912D243C7ADA00D99D4B /* AreaDetailsCell.m */,
				3C8A912E243C7ADA00D99D4B /* AreaDetailsCell.xib */,
				3C8A913B243DD5F000D99D4B /* QCSWarehouseRecordVC.h */,
				3C8A913C243DD5F000D99D4B /* QCSWarehouseRecordVC.m */,
				3C8A914124401A2C00D99D4B /* QCSWarehuseRecordDetailsVC.h */,
				3C8A914224401A2C00D99D4B /* QCSWarehuseRecordDetailsVC.m */,
				3C8A91492444003800D99D4B /* RecordReceivingCell.h */,
				3C8A914A2444003800D99D4B /* RecordReceivingCell.m */,
				3C8A914B2444003800D99D4B /* RecordReceivingCell.xib */,
				3C8A91532445A29900D99D4B /* QCSDeliveryReportVC.h */,
				3C8A91542445A29900D99D4B /* QCSDeliveryReportVC.m */,
				3C8A914E2445A27D00D99D4B /* DeliveryReportCell.h */,
				3C8A914F2445A27D00D99D4B /* DeliveryReportCell.m */,
				3C8A91502445A27D00D99D4B /* DeliveryReportCell.xib */,
				3C8A91592445B8B500D99D4B /* QCSDeliveryDetailsVC.h */,
				3C8A915A2445B8B500D99D4B /* QCSDeliveryDetailsVC.m */,
			);
			path = "管理员";
			sourceTree = "<group>";
		};
		3C8A9131243C7F6A00D99D4B /* SubgroupViews */ = {
			isa = PBXGroup;
			children = (
				3C8A9132243C7FE700D99D4B /* AreaHeadView.h */,
				3C8A9133243C7FE700D99D4B /* AreaHeadView.m */,
				3C8A9138243DCED200D99D4B /* YTYSearchView.h */,
				3C8A9139243DCED200D99D4B /* YTYSearchView.m */,
				3C8A91562445ADE300D99D4B /* QCSCardView.h */,
				3C8A91572445ADE300D99D4B /* QCSCardView.m */,
				3C8A9171244D737F00D99D4B /* OrderCheckView.h */,
				3C8A9172244D737F00D99D4B /* OrderCheckView.m */,
			);
			path = SubgroupViews;
			sourceTree = "<group>";
		};
		3C8A915F2447007800D99D4B /* 订单部分 */ = {
			isa = PBXGroup;
			children = (
				3C8A9160244700ED00D99D4B /* QCSOrderListVC.h */,
				3C8A9161244700ED00D99D4B /* QCSOrderListVC.m */,
				3C8A916324470A5D00D99D4B /* QCSOrderMainVC.h */,
				3C8A916424470A5D00D99D4B /* QCSOrderMainVC.m */,
				3C8A91662448007F00D99D4B /* OrderListCell.h */,
				3C8A91672448007F00D99D4B /* OrderListCell.m */,
				3C8A91682448007F00D99D4B /* OrderListCell.xib */,
				3C8A916B24485BBB00D99D4B /* QCSOrderDetailsVC.h */,
				3C8A916C24485BBB00D99D4B /* QCSOrderDetailsVC.m */,
			);
			path = "订单部分";
			sourceTree = "<group>";
		};
		3C8A917D244EEDB600D99D4B /* 司机 */ = {
			isa = PBXGroup;
			children = (
			);
			path = "司机";
			sourceTree = "<group>";
		};
		3C8A917E244EEF6E00D99D4B /* 入仓员 */ = {
			isa = PBXGroup;
			children = (
				3C8A91CB245296C700D99D4B /* QCSNewBillVC.h */,
				3C8A91CC245296C700D99D4B /* QCSNewBillVC.m */,
				3C8A91CE245523AF00D99D4B /* NewBillCell.h */,
				3C8A91CF245523AF00D99D4B /* NewBillCell.m */,
				3C8A91D0245523AF00D99D4B /* NewBillCell.xib */,
				3C8A91D324553A5D00D99D4B /* QCSWarehousingVC.h */,
				3C8A91D424553A5D00D99D4B /* QCSWarehousingVC.m */,
			);
			path = "入仓员";
			sourceTree = "<group>";
		};
		3CB90FAD242CA29800819C3B = {
			isa = PBXGroup;
			children = (
				3CB90FB8242CA29800819C3B /* QiChangStaff */,
				3CB90FB7242CA29800819C3B /* Products */,
				65EA7EA011356B746193CE69 /* Pods */,
				0A5CE8349DE97E04D422AECE /* Frameworks */,
			);
			sourceTree = "<group>";
		};
		3CB90FB7242CA29800819C3B /* Products */ = {
			isa = PBXGroup;
			children = (
				3CB90FB6242CA29800819C3B /* QiChangStaff.app */,
			);
			name = Products;
			sourceTree = "<group>";
		};
		3CB90FB8242CA29800819C3B /* QiChangStaff */ = {
			isa = PBXGroup;
			children = (
				3CB90FD6242CB28B00819C3B /* Main */,
				3CB90FD3242CA43A00819C3B /* Configure */,
				3CB90FD2242CA42700819C3B /* Utils */,
			);
			path = QiChangStaff;
			sourceTree = "<group>";
		};
		3CB90FD2242CA42700819C3B /* Utils */ = {
			isa = PBXGroup;
			children = (
				3C8A915C2446FFF600D99D4B /* CKSlideMenu.h */,
				3C8A915D2446FFF700D99D4B /* CKSlideMenu.m */,
				3C8A9135243D610800D99D4B /* YTYLabel.h */,
				3C8A9136243D610800D99D4B /* YTYLabel.m */,
				3CB90FFF242DEE1F00819C3B /* YTYView.h */,
				3CB90FFE242DEE1F00819C3B /* YTYView.m */,
			);
			path = Utils;
			sourceTree = "<group>";
		};
		3CB90FD3242CA43A00819C3B /* Configure */ = {
			isa = PBXGroup;
			children = (
				3C5CAB7C2435948500C68CFB /* Assets.xcassets */,
				3CB90FB9242CA29800819C3B /* AppDelegate.h */,
				3CB90FBA242CA29800819C3B /* AppDelegate.m */,
				3CB90FBC242CA29800819C3B /* SceneDelegate.h */,
				3CB90FBD242CA29800819C3B /* SceneDelegate.m */,
				3CB90FC7242CA29900819C3B /* LaunchScreen.storyboard */,
				3CB90FCA242CA29900819C3B /* Info.plist */,
				3CB90FCB242CA29900819C3B /* main.m */,
				3CB90FDA242D8DDB00819C3B /* QiChangStaff-Prefix.pch */,
			);
			path = Configure;
			sourceTree = "<group>";
		};
		3CB90FD6242CB28B00819C3B /* Main */ = {
			isa = PBXGroup;
			children = (
				3C8A917E244EEF6E00D99D4B /* 入仓员 */,
				3C5CAB7E24370C8200C68CFB /* 管理员 */,
				3C8A917D244EEDB600D99D4B /* 司机 */,
				3C8A915F2447007800D99D4B /* 订单部分 */,
				3CB90FD7242CB2A900819C3B /* 登录部分 */,
				3CB91002242DFA4100819C3B /* 主页 */,
			);
			path = Main;
			sourceTree = "<group>";
		};
		3CB90FD7242CB2A900819C3B /* 登录部分 */ = {
			isa = PBXGroup;
			children = (
				3CB90FD8242D8C5000819C3B /* Login.storyboard */,
				3CB90FFB242DE1BE00819C3B /* LoginVC.h */,
				3CB90FFC242DE1BE00819C3B /* LoginVC.m */,
			);
			path = "登录部分";
			sourceTree = "<group>";
		};
		3CB91002242DFA4100819C3B /* 主页 */ = {
			isa = PBXGroup;
			children = (
				3CB91006242DFAC200819C3B /* MainVC.h */,
				3CB91007242DFAC200819C3B /* MainVC.m */,
				3C5CAB7A243583AE00C68CFB /* Main.storyboard */,
			);
			path = "主页";
			sourceTree = "<group>";
		};
		65EA7EA011356B746193CE69 /* Pods */ = {
			isa = PBXGroup;
			children = (
				4B751A4EF1087D4D2A8AE7D1 /* Pods-QiChangStaff.debug.xcconfig */,
				9E49F444FF71F8FC420EF06D /* Pods-QiChangStaff.release.xcconfig */,
			);
			path = Pods;
			sourceTree = "<group>";
		};
/* End PBXGroup section */

/* Begin PBXNativeTarget section */
		3CB90FB5242CA29800819C3B /* QiChangStaff */ = {
			isa = PBXNativeTarget;
			buildConfigurationList = 3CB90FCF242CA29900819C3B /* Build configuration list for PBXNativeTarget "QiChangStaff" */;
			buildPhases = (
				660DE0989256A8697F96B823 /* [CP] Check Pods Manifest.lock */,
				3CB90FB2242CA29800819C3B /* Sources */,
				3CB90FB3242CA29800819C3B /* Frameworks */,
				3CB90FB4242CA29800819C3B /* Resources */,
				5698CC615AC00EB8335CF324 /* [CP] Embed Pods Frameworks */,
			);
			buildRules = (
			);
			dependencies = (
			);
			name = QiChangStaff;
			productName = QiChangStaff;
			productReference = 3CB90FB6242CA29800819C3B /* QiChangStaff.app */;
			productType = "com.apple.product-type.application";
		};
/* End PBXNativeTarget section */

/* Begin PBXProject section */
		3CB90FAE242CA29800819C3B /* Project object */ = {
			isa = PBXProject;
			attributes = {
				LastUpgradeCheck = 1120;
				ORGANIZATIONNAME = YTYanK;
				TargetAttributes = {
					3CB90FB5242CA29800819C3B = {
						CreatedOnToolsVersion = 11.2.1;
					};
				};
			};
			buildConfigurationList = 3CB90FB1242CA29800819C3B /* Build configuration list for PBXProject "QiChangStaff" */;
			compatibilityVersion = "Xcode 9.3";
			developmentRegion = en;
			hasScannedForEncodings = 0;
			knownRegions = (
				en,
				Base,
			);
			mainGroup = 3CB90FAD242CA29800819C3B;
			productRefGroup = 3CB90FB7242CA29800819C3B /* Products */;
			projectDirPath = "";
			projectRoot = "";
			targets = (
				3CB90FB5242CA29800819C3B /* QiChangStaff */,
			);
		};
/* End PBXProject section */

/* Begin PBXResourcesBuildPhase section */
		3CB90FB4242CA29800819C3B /* Resources */ = {
			isa = PBXResourcesBuildPhase;
			buildActionMask = 2147483647;
			files = (
				3C8A916A2448007F00D99D4B /* OrderListCell.xib in Resources */,
				3C8A91D2245523AF00D99D4B /* NewBillCell.xib in Resources */,
				3CB90FC9242CA29900819C3B /* LaunchScreen.storyboard in Resources */,
				3C8A91522445A27D00D99D4B /* DeliveryReportCell.xib in Resources */,
				3C5CAB8624370D8D00C68CFB /* WarehouseCell.xib in Resources */,
				3C8A914D2444003800D99D4B /* RecordReceivingCell.xib in Resources */,
				3C5CAB8B2437345400C68CFB /* AreaCell.xib in Resources */,
				3CB90FD9242D8C5000819C3B /* Login.storyboard in Resources */,
				3C5CAB7B243583AE00C68CFB /* Main.storyboard in Resources */,
				3C8A9130243C7ADA00D99D4B /* AreaDetailsCell.xib in Resources */,
				3C5CAB7D2435948500C68CFB /* Assets.xcassets in Resources */,
			);
			runOnlyForDeploymentPostprocessing = 0;
		};
/* End PBXResourcesBuildPhase section */

/* Begin PBXShellScriptBuildPhase section */
		5698CC615AC00EB8335CF324 /* [CP] Embed Pods Frameworks */ = {
			isa = PBXShellScriptBuildPhase;
			buildActionMask = 2147483647;
			files = (
			);
			inputFileListPaths = (
				"${PODS_ROOT}/Target Support Files/Pods-QiChangStaff/Pods-QiChangStaff-frameworks-${CONFIGURATION}-input-files.xcfilelist",
			);
			name = "[CP] Embed Pods Frameworks";
			outputFileListPaths = (
				"${PODS_ROOT}/Target Support Files/Pods-QiChangStaff/Pods-QiChangStaff-frameworks-${CONFIGURATION}-output-files.xcfilelist",
			);
			runOnlyForDeploymentPostprocessing = 0;
			shellPath = /bin/sh;
			shellScript = "\"${PODS_ROOT}/Target Support Files/Pods-QiChangStaff/Pods-QiChangStaff-frameworks.sh\"\n";
			showEnvVarsInLog = 0;
		};
		660DE0989256A8697F96B823 /* [CP] Check Pods Manifest.lock */ = {
			isa = PBXShellScriptBuildPhase;
			buildActionMask = 2147483647;
			files = (
			);
			inputFileListPaths = (
			);
			inputPaths = (
				"${PODS_PODFILE_DIR_PATH}/Podfile.lock",
				"${PODS_ROOT}/Manifest.lock",
			);
			name = "[CP] Check Pods Manifest.lock";
			outputFileListPaths = (
			);
			outputPaths = (
				"$(DERIVED_FILE_DIR)/Pods-QiChangStaff-checkManifestLockResult.txt",
			);
			runOnlyForDeploymentPostprocessing = 0;
			shellPath = /bin/sh;
			shellScript = "diff \"${PODS_PODFILE_DIR_PATH}/Podfile.lock\" \"${PODS_ROOT}/Manifest.lock\" > /dev/null\nif [ $? != 0 ] ; then\n    # print error to STDERR\n    echo \"error: The sandbox is not in sync with the Podfile.lock. Run 'pod install' or update your CocoaPods installation.\" >&2\n    exit 1\nfi\n# This output is used by Xcode 'outputs' to avoid re-running this script phase.\necho \"SUCCESS\" > \"${SCRIPT_OUTPUT_FILE_0}\"\n";
			showEnvVarsInLog = 0;
		};
/* End PBXShellScriptBuildPhase section */

/* Begin PBXSourcesBuildPhase section */
		3CB90FB2242CA29800819C3B /* Sources */ = {
			isa = PBXSourcesBuildPhase;
			buildActionMask = 2147483647;
			files = (
				3CB90FBB242CA29800819C3B /* AppDelegate.m in Sources */,
				3CB90FFD242DE1BE00819C3B /* LoginVC.m in Sources */,
				3C8A9162244700ED00D99D4B /* QCSOrderListVC.m in Sources */,
				3CB90FCC242CA29900819C3B /* main.m in Sources */,
				3C8A913D243DD5F000D99D4B /* QCSWarehouseRecordVC.m in Sources */,
				3C8A915E2446FFF700D99D4B /* CKSlideMenu.m in Sources */,
				3C8A91582445ADE300D99D4B /* QCSCardView.m in Sources */,
				3C5CAB942437363A00C68CFB /* QCSAreaVC.m in Sources */,
				3CB91009242DFAC200819C3B /* MainVC.m in Sources */,
				3C8A9137243D610800D99D4B /* YTYLabel.m in Sources */,
				3CB90FBE242CA29800819C3B /* SceneDelegate.m in Sources */,
				3C8A91692448007F00D99D4B /* OrderListCell.m in Sources */,
				3C8A91552445A29900D99D4B /* QCSDeliveryReportVC.m in Sources */,
				3C8A914324401A2D00D99D4B /* QCSWarehuseRecordDetailsVC.m in Sources */,
				3C8A9173244D737F00D99D4B /* OrderCheckView.m in Sources */,
				3C8A91D524553A5D00D99D4B /* QCSWarehousingVC.m in Sources */,
				3C8A9134243C7FE700D99D4B /* AreaHeadView.m in Sources */,
				3C5CAB8524370D8D00C68CFB /* WarehouseCell.m in Sources */,
				3C8A91512445A27D00D99D4B /* DeliveryReportCell.m in Sources */,
				3C8A912F243C7ADA00D99D4B /* AreaDetailsCell.m in Sources */,
				3C5CAB8A2437345400C68CFB /* AreaCell.m in Sources */,
				3C8A916524470A5D00D99D4B /* QCSOrderMainVC.m in Sources */,
				3C8A916D24485BBC00D99D4B /* QCSOrderDetailsVC.m in Sources */,
				3C8A91CD245296C700D99D4B /* QCSNewBillVC.m in Sources */,
				3C8A915B2445B8B500D99D4B /* QCSDeliveryDetailsVC.m in Sources */,
				3C5CAB912437349900C68CFB /* QCSWarehouseVC.m in Sources */,
				3C8A91D1245523AF00D99D4B /* NewBillCell.m in Sources */,
				3C8A914C2444003800D99D4B /* RecordReceivingCell.m in Sources */,
				3CB91000242DEE1F00819C3B /* YTYView.m in Sources */,
				3C8A913A243DCED200D99D4B /* YTYSearchView.m in Sources */,
				3C8A912B243C7A0D00D99D4B /* QCSAreaDetailsVC.m in Sources */,
			);
			runOnlyForDeploymentPostprocessing = 0;
		};
/* End PBXSourcesBuildPhase section */

/* Begin PBXVariantGroup section */
		3CB90FC7242CA29900819C3B /* LaunchScreen.storyboard */ = {
			isa = PBXVariantGroup;
			children = (
				3CB90FC8242CA29900819C3B /* Base */,
			);
			name = LaunchScreen.storyboard;
			sourceTree = "<group>";
		};
/* End PBXVariantGroup section */

/* Begin XCBuildConfiguration section */
		3CB90FCD242CA29900819C3B /* Debug */ = {
			isa = XCBuildConfiguration;
			buildSettings = {
				ALWAYS_SEARCH_USER_PATHS = NO;
				CLANG_ANALYZER_NONNULL = YES;
				CLANG_ANALYZER_NUMBER_OBJECT_CONVERSION = YES_AGGRESSIVE;
				CLANG_CXX_LANGUAGE_STANDARD = "gnu++14";
				CLANG_CXX_LIBRARY = "libc++";
				CLANG_ENABLE_MODULES = YES;
				CLANG_ENABLE_OBJC_ARC = YES;
				CLANG_ENABLE_OBJC_WEAK = YES;
				CLANG_WARN_BLOCK_CAPTURE_AUTORELEASING = YES;
				CLANG_WARN_BOOL_CONVERSION = YES;
				CLANG_WARN_COMMA = YES;
				CLANG_WARN_CONSTANT_CONVERSION = YES;
				CLANG_WARN_DEPRECATED_OBJC_IMPLEMENTATIONS = YES;
				CLANG_WARN_DIRECT_OBJC_ISA_USAGE = YES_ERROR;
				CLANG_WARN_DOCUMENTATION_COMMENTS = YES;
				CLANG_WARN_EMPTY_BODY = YES;
				CLANG_WARN_ENUM_CONVERSION = YES;
				CLANG_WARN_INFINITE_RECURSION = YES;
				CLANG_WARN_INT_CONVERSION = YES;
				CLANG_WARN_NON_LITERAL_NULL_CONVERSION = YES;
				CLANG_WARN_OBJC_IMPLICIT_RETAIN_SELF = YES;
				CLANG_WARN_OBJC_LITERAL_CONVERSION = YES;
				CLANG_WARN_OBJC_ROOT_CLASS = YES_ERROR;
				CLANG_WARN_RANGE_LOOP_ANALYSIS = YES;
				CLANG_WARN_STRICT_PROTOTYPES = YES;
				CLANG_WARN_SUSPICIOUS_MOVE = YES;
				CLANG_WARN_UNGUARDED_AVAILABILITY = YES_AGGRESSIVE;
				CLANG_WARN_UNREACHABLE_CODE = YES;
				CLANG_WARN__DUPLICATE_METHOD_MATCH = YES;
				COPY_PHASE_STRIP = NO;
				DEBUG_INFORMATION_FORMAT = dwarf;
				ENABLE_STRICT_OBJC_MSGSEND = YES;
				ENABLE_TESTABILITY = YES;
				GCC_C_LANGUAGE_STANDARD = gnu11;
				GCC_DYNAMIC_NO_PIC = NO;
				GCC_NO_COMMON_BLOCKS = YES;
				GCC_OPTIMIZATION_LEVEL = 0;
				GCC_PREPROCESSOR_DEFINITIONS = (
					"DEBUG=1",
					"$(inherited)",
				);
				GCC_WARN_64_TO_32_BIT_CONVERSION = YES;
				GCC_WARN_ABOUT_RETURN_TYPE = YES_ERROR;
				GCC_WARN_UNDECLARED_SELECTOR = YES;
				GCC_WARN_UNINITIALIZED_AUTOS = YES_AGGRESSIVE;
				GCC_WARN_UNUSED_FUNCTION = YES;
				GCC_WARN_UNUSED_VARIABLE = YES;
				IPHONEOS_DEPLOYMENT_TARGET = 13.2;
				MTL_ENABLE_DEBUG_INFO = INCLUDE_SOURCE;
				MTL_FAST_MATH = YES;
				ONLY_ACTIVE_ARCH = YES;
				SDKROOT = iphoneos;
			};
			name = Debug;
		};
		3CB90FCE242CA29900819C3B /* Release */ = {
			isa = XCBuildConfiguration;
			buildSettings = {
				ALWAYS_SEARCH_USER_PATHS = NO;
				CLANG_ANALYZER_NONNULL = YES;
				CLANG_ANALYZER_NUMBER_OBJECT_CONVERSION = YES_AGGRESSIVE;
				CLANG_CXX_LANGUAGE_STANDARD = "gnu++14";
				CLANG_CXX_LIBRARY = "libc++";
				CLANG_ENABLE_MODULES = YES;
				CLANG_ENABLE_OBJC_ARC = YES;
				CLANG_ENABLE_OBJC_WEAK = YES;
				CLANG_WARN_BLOCK_CAPTURE_AUTORELEASING = YES;
				CLANG_WARN_BOOL_CONVERSION = YES;
				CLANG_WARN_COMMA = YES;
				CLANG_WARN_CONSTANT_CONVERSION = YES;
				CLANG_WARN_DEPRECATED_OBJC_IMPLEMENTATIONS = YES;
				CLANG_WARN_DIRECT_OBJC_ISA_USAGE = YES_ERROR;
				CLANG_WARN_DOCUMENTATION_COMMENTS = YES;
				CLANG_WARN_EMPTY_BODY = YES;
				CLANG_WARN_ENUM_CONVERSION = YES;
				CLANG_WARN_INFINITE_RECURSION = YES;
				CLANG_WARN_INT_CONVERSION = YES;
				CLANG_WARN_NON_LITERAL_NULL_CONVERSION = YES;
				CLANG_WARN_OBJC_IMPLICIT_RETAIN_SELF = YES;
				CLANG_WARN_OBJC_LITERAL_CONVERSION = YES;
				CLANG_WARN_OBJC_ROOT_CLASS = YES_ERROR;
				CLANG_WARN_RANGE_LOOP_ANALYSIS = YES;
				CLANG_WARN_STRICT_PROTOTYPES = YES;
				CLANG_WARN_SUSPICIOUS_MOVE = YES;
				CLANG_WARN_UNGUARDED_AVAILABILITY = YES_AGGRESSIVE;
				CLANG_WARN_UNREACHABLE_CODE = YES;
				CLANG_WARN__DUPLICATE_METHOD_MATCH = YES;
				COPY_PHASE_STRIP = NO;
				DEBUG_INFORMATION_FORMAT = "dwarf-with-dsym";
				ENABLE_NS_ASSERTIONS = NO;
				ENABLE_STRICT_OBJC_MSGSEND = YES;
				GCC_C_LANGUAGE_STANDARD = gnu11;
				GCC_NO_COMMON_BLOCKS = YES;
				GCC_WARN_64_TO_32_BIT_CONVERSION = YES;
				GCC_WARN_ABOUT_RETURN_TYPE = YES_ERROR;
				GCC_WARN_UNDECLARED_SELECTOR = YES;
				GCC_WARN_UNINITIALIZED_AUTOS = YES_AGGRESSIVE;
				GCC_WARN_UNUSED_FUNCTION = YES;
				GCC_WARN_UNUSED_VARIABLE = YES;
				IPHONEOS_DEPLOYMENT_TARGET = 13.2;
				MTL_ENABLE_DEBUG_INFO = NO;
				MTL_FAST_MATH = YES;
				SDKROOT = iphoneos;
				VALIDATE_PRODUCT = YES;
			};
			name = Release;
		};
		3CB90FD0242CA29900819C3B /* Debug */ = {
			isa = XCBuildConfiguration;
			baseConfigurationReference = 4B751A4EF1087D4D2A8AE7D1 /* Pods-QiChangStaff.debug.xcconfig */;
			buildSettings = {
				ASSETCATALOG_COMPILER_APPICON_NAME = AppIcon;
				CODE_SIGN_IDENTITY = "Apple Development";
				CODE_SIGN_STYLE = Automatic;
				DEVELOPMENT_TEAM = MA4P23SL5C;
				FRAMEWORK_SEARCH_PATHS = (
					"$(inherited)",
					"$(PROJECT_DIR)/QiChangStaff/Utils",
				);
				GCC_PRECOMPILE_PREFIX_HEADER = YES;
				GCC_PREFIX_HEADER = "$(SRCROOT)/QiChangStaff/Configure/QiChangStaff-Prefix.pch";
				INFOPLIST_FILE = QiChangStaff/Configure/Info.plist;
				IPHONEOS_DEPLOYMENT_TARGET = 13.0;
				LD_RUNPATH_SEARCH_PATHS = (
					"$(inherited)",
					"@executable_path/Frameworks",
				);
				OTHER_CFLAGS = "-fembed-bitcode";
				OTHER_LDFLAGS = (
					"$(inherited)",
					"-ObjC",
					"-l\"sqlite3\"",
					"-framework",
					"\"AFNetworking\"",
					"-framework",
					"\"Contacts\"",
					"-framework",
					"\"CoreFoundation\"",
					"-framework",
					"\"CoreGraphics\"",
					"-framework",
					"\"CoreLocation\"",
					"-framework",
					"\"Foundation\"",
					"-framework",
					"\"ImageIO\"",
					"-framework",
					"\"MBProgressHUD\"",
					"-framework",
					"\"MJExtension\"",
					"-framework",
					"\"MJRefresh\"",
					"-framework",
					"\"Masonry\"",
					"-framework",
					"\"MobileCoreServices\"",
					"-framework",
					"\"PGDatePicker\"",
					"-framework",
					"\"PGPickerView\"",
					"-framework",
					"\"PassKit\"",
					"-framework",
					"\"Photos\"",
					"-framework",
					"\"QBImagePickerController\"",
					"-framework",
					"\"QuartzCore\"",
					"-framework",
					"\"SDWebImage\"",
					"-framework",
					"\"STAlertView\"",
					"-framework",
					"\"Security\"",
					"-framework",
					"\"Stripe\"",
					"-framework",
					"\"SystemConfiguration\"",
					"-framework",
					"\"Toast\"",
					"-framework",
					"\"UIKit\"",
					"-framework",
					"\"WebKit\"",
					"-framework",
					"\"YTYCoreFramework\"",
					"-framework",
					"\"YYCache\"",
					"-framework",
					"\"YYModel\"",
					"-lObjC",
				);
				PRODUCT_BUNDLE_IDENTIFIER = com.POPFREE.QiChangStaff;
				PRODUCT_NAME = "$(TARGET_NAME)";
				PROVISIONING_PROFILE_SPECIFIER = "";
				TARGETED_DEVICE_FAMILY = 1;
			};
			name = Debug;
		};
		3CB90FD1242CA29900819C3B /* Release */ = {
			isa = XCBuildConfiguration;
			baseConfigurationReference = 9E49F444FF71F8FC420EF06D /* Pods-QiChangStaff.release.xcconfig */;
			buildSettings = {
				ASSETCATALOG_COMPILER_APPICON_NAME = AppIcon;
				CODE_SIGN_IDENTITY = "Apple Development";
				CODE_SIGN_STYLE = Automatic;
				DEVELOPMENT_TEAM = MA4P23SL5C;
				FRAMEWORK_SEARCH_PATHS = (
					"$(inherited)",
					"$(PROJECT_DIR)/QiChangStaff/Utils",
				);
				GCC_PRECOMPILE_PREFIX_HEADER = YES;
				GCC_PREFIX_HEADER = "$(SRCROOT)/QiChangStaff/Configure/QiChangStaff-Prefix.pch";
				INFOPLIST_FILE = QiChangStaff/Configure/Info.plist;
				IPHONEOS_DEPLOYMENT_TARGET = 13.0;
				LD_RUNPATH_SEARCH_PATHS = (
					"$(inherited)",
					"@executable_path/Frameworks",
				);
				OTHER_CFLAGS = "-fembed-bitcode";
				OTHER_LDFLAGS = (
					"$(inherited)",
					"-ObjC",
					"-l\"sqlite3\"",
					"-framework",
					"\"AFNetworking\"",
					"-framework",
					"\"Contacts\"",
					"-framework",
					"\"CoreFoundation\"",
					"-framework",
					"\"CoreGraphics\"",
					"-framework",
					"\"CoreLocation\"",
					"-framework",
					"\"Foundation\"",
					"-framework",
					"\"ImageIO\"",
					"-framework",
					"\"MBProgressHUD\"",
					"-framework",
					"\"MJExtension\"",
					"-framework",
					"\"MJRefresh\"",
					"-framework",
					"\"Masonry\"",
					"-framework",
					"\"MobileCoreServices\"",
					"-framework",
					"\"PGDatePicker\"",
					"-framework",
					"\"PGPickerView\"",
					"-framework",
					"\"PassKit\"",
					"-framework",
					"\"Photos\"",
					"-framework",
					"\"QBImagePickerController\"",
					"-framework",
					"\"QuartzCore\"",
					"-framework",
					"\"SDWebImage\"",
					"-framework",
					"\"STAlertView\"",
					"-framework",
					"\"Security\"",
					"-framework",
					"\"Stripe\"",
					"-framework",
					"\"SystemConfiguration\"",
					"-framework",
					"\"Toast\"",
					"-framework",
					"\"UIKit\"",
					"-framework",
					"\"WebKit\"",
					"-framework",
					"\"YTYCoreFramework\"",
					"-framework",
					"\"YYCache\"",
					"-framework",
					"\"YYModel\"",
					"-lObjC",
				);
				PRODUCT_BUNDLE_IDENTIFIER = com.POPFREE.QiChangStaff;
				PRODUCT_NAME = "$(TARGET_NAME)";
				PROVISIONING_PROFILE_SPECIFIER = "";
				TARGETED_DEVICE_FAMILY = 1;
			};
			name = Release;
		};
/* End XCBuildConfiguration section */

/* Begin XCConfigurationList section */
		3CB90FB1242CA29800819C3B /* Build configuration list for PBXProject "QiChangStaff" */ = {
			isa = XCConfigurationList;
			buildConfigurations = (
				3CB90FCD242CA29900819C3B /* Debug */,
				3CB90FCE242CA29900819C3B /* Release */,
			);
			defaultConfigurationIsVisible = 0;
			defaultConfigurationName = Release;
		};
		3CB90FCF242CA29900819C3B /* Build configuration list for PBXNativeTarget "QiChangStaff" */ = {
			isa = XCConfigurationList;
			buildConfigurations = (
				3CB90FD0242CA29900819C3B /* Debug */,
				3CB90FD1242CA29900819C3B /* Release */,
			);
			defaultConfigurationIsVisible = 0;
			defaultConfigurationName = Release;
		};
/* End XCConfigurationList section */
	};
	rootObject = 3CB90FAE242CA29800819C3B /* Project object */;
}
